
Microsoft Visual Studio Solution File, Format Version 12.00
# Visual Studio Version 17
VisualStudioVersion = 17.14.37614.0 d17.14
MinimumVisualStudioVersion = 10.0.40219.1
Project("{FAE04EC0-301F-11D3-BF4B-00C04F79EFBC}") = "Calculator_Project", "Calculator_Project.csproj", "{5A041EAF-EC58-435C-9F25-F39BF2BB8DBD}"
EndProject
Global
	GlobalSection(SolutionConfigurationPlatforms) = preSolution
		Debug|Any CPU = Debug|Any CPU
		Release|Any CPU = Release|Any CPU
	EndGlobalSection
	GlobalSection(ProjectConfigurationPlatforms) = postSolution
		{5A041EAF-EC58-435C-9F25-F39BF2BB8DBD}.Debug|Any CPU.ActiveCfg = Debug|Any CPU
		{5A041EAF-EC58-435C-9F25-F39BF2BB8DBD}.Debug|Any CPU.Build.0 = Debug|Any CPU
		{5A041EAF-EC58-435C-9F25-F39BF2BB8DBD}.Release|Any CPU.ActiveCfg = Release|Any CPU
		{5A041EAF-EC58-435C-9F25-F39BF2BB8DBD}.Release|Any CPU.Build.0 = Release|Any CPU
	EndGlobalSection
	GlobalSection(SolutionProperties) = preSolution
		HideSolutionNode = FALSE
	EndGlobalSection
	GlobalSection(ExtensibilityGlobals) = postSolution
		SolutionGuid = {DDA8B757-13BE-430A-A137-508CD97A86E4}
	EndGlobalSection
EndGlobal
